
Microsoft Visual Studio Solution File, Format Version 12.00
# Visual Studio 15
VisualStudioVersion = 15.0.28010.2019
MinimumVisualStudioVersion = 10.0.40219.1
Project("{FAE04EC0-301F-11D3-BF4B-00C04F79EFBC}") = "MrBildo.Audio", "MrBildo.Audio\MrBildo.Audio.csproj", "{28C8F807-ABED-4F16-B590-0AE54A38DF96}"
EndProject
Project("{FAE04EC0-301F-11D3-BF4B-00C04F79EFBC}") = "MrBildo.DMSounds.Common", "MrBildo.DMSounds.Common\MrBildo.DMSounds.Common.csproj", "{B4DA17C9-DF47-4339-8288-2D5D4AE1D85F}"
EndProject
Project("{FAE04EC0-301F-11D3-BF4B-00C04F79EFBC}") = "MrBildo.DMSounds.Core", "MrBildo.DMSounds.Core\MrBildo.DMSounds.Core.csproj", "{78514664-2772-44BC-9426-1DEBE85FE4D9}"
EndProject
Project("{FAE04EC0-301F-11D3-BF4B-00C04F79EFBC}") = "MrBildo.DMSounds.App", "MrBildo.DMSounds.App\MrBildo.DMSounds.App.csproj", "{2755AFB0-E227-41A8-811C-AE14A266595E}"
EndProject
Project("{FAE04EC0-301F-11D3-BF4B-00C04F79EFBC}") = "MrBildo.DMSounds.App.Common", "MrBildo.DMSounds.App.Common\MrBildo.DMSounds.App.Common.csproj", "{2EAAF84A-A3E9-4A58-A047-61C6971B84ED}"
EndProject
Global
	GlobalSection(SolutionConfigurationPlatforms) = preSolution
		Debug|Any CPU = Debug|Any CPU
		FontSelection|Any CPU = FontSelection|Any CPU
		Layout|Any CPU = Layout|Any CPU
		Release|Any CPU = Release|Any CPU
	EndGlobalSection
	GlobalSection(ProjectConfigurationPlatforms) = postSolution
		{28C8F807-ABED-4F16-B590-0AE54A38DF96}.Debug|Any CPU.ActiveCfg = Debug|Any CPU
		{28C8F807-ABED-4F16-B590-0AE54A38DF96}.Debug|Any CPU.Build.0 = Debug|Any CPU
		{28C8F807-ABED-4F16-B590-0AE54A38DF96}.FontSelection|Any CPU.ActiveCfg = FontSelection|Any CPU
		{28C8F807-ABED-4F16-B590-0AE54A38DF96}.FontSelection|Any CPU.Build.0 = FontSelection|Any CPU
		{28C8F807-ABED-4F16-B590-0AE54A38DF96}.Layout|Any CPU.ActiveCfg = Layout|Any CPU
		{28C8F807-ABED-4F16-B590-0AE54A38DF96}.Layout|Any CPU.Build.0 = Layout|Any CPU
		{28C8F807-ABED-4F16-B590-0AE54A38DF96}.Release|Any CPU.ActiveCfg = Release|Any CPU
		{28C8F807-ABED-4F16-B590-0AE54A38DF96}.Release|Any CPU.Build.0 = Release|Any CPU
		{B4DA17C9-DF47-4339-8288-2D5D4AE1D85F}.Debug|Any CPU.ActiveCfg = Debug|Any CPU
		{B4DA17C9-DF47-4339-8288-2D5D4AE1D85F}.Debug|Any CPU.Build.0 = Debug|Any CPU
		{B4DA17C9-DF47-4339-8288-2D5D4AE1D85F}.FontSelection|Any CPU.ActiveCfg = Release|Any CPU
		{B4DA17C9-DF47-4339-8288-2D5D4AE1D85F}.FontSelection|Any CPU.Build.0 = Release|Any CPU
		{B4DA17C9-DF47-4339-8288-2D5D4AE1D85F}.Layout|Any CPU.ActiveCfg = Release|Any CPU
		{B4DA17C9-DF47-4339-8288-2D5D4AE1D85F}.Layout|Any CPU.Build.0 = Release|Any CPU
		{B4DA17C9-DF47-4339-8288-2D5D4AE1D85F}.Release|Any CPU.ActiveCfg = Release|Any CPU
		{B4DA17C9-DF47-4339-8288-2D5D4AE1D85F}.Release|Any CPU.Build.0 = Release|Any CPU
		{78514664-2772-44BC-9426-1DEBE85FE4D9}.Debug|Any CPU.ActiveCfg = Debug|Any CPU
		{78514664-2772-44BC-9426-1DEBE85FE4D9}.Debug|Any CPU.Build.0 = Debug|Any CPU
		{78514664-2772-44BC-9426-1DEBE85FE4D9}.FontSelection|Any CPU.ActiveCfg = Release|Any CPU
		{78514664-2772-44BC-9426-1DEBE85FE4D9}.FontSelection|Any CPU.Build.0 = Release|Any CPU
		{78514664-2772-44BC-9426-1DEBE85FE4D9}.Layout|Any CPU.ActiveCfg = Release|Any CPU
		{78514664-2772-44BC-9426-1DEBE85FE4D9}.Layout|Any CPU.Build.0 = Release|Any CPU
		{78514664-2772-44BC-9426-1DEBE85FE4D9}.Release|Any CPU.ActiveCfg = Release|Any CPU
		{78514664-2772-44BC-9426-1DEBE85FE4D9}.Release|Any CPU.Build.0 = Release|Any CPU
		{2755AFB0-E227-41A8-811C-AE14A266595E}.Debug|Any CPU.ActiveCfg = Debug|Any CPU
		{2755AFB0-E227-41A8-811C-AE14A266595E}.Debug|Any CPU.Build.0 = Debug|Any CPU
		{2755AFB0-E227-41A8-811C-AE14A266595E}.FontSelection|Any CPU.ActiveCfg = Release|Any CPU
		{2755AFB0-E227-41A8-811C-AE14A266595E}.FontSelection|Any CPU.Build.0 = Release|Any CPU
		{2755AFB0-E227-41A8-811C-AE14A266595E}.Layout|Any CPU.ActiveCfg = Release|Any CPU
		{2755AFB0-E227-41A8-811C-AE14A266595E}.Layout|Any CPU.Build.0 = Release|Any CPU
		{2755AFB0-E227-41A8-811C-AE14A266595E}.Release|Any CPU.ActiveCfg = Release|Any CPU
		{2755AFB0-E227-41A8-811C-AE14A266595E}.Release|Any CPU.Build.0 = Release|Any CPU
		{2EAAF84A-A3E9-4A58-A047-61C6971B84ED}.Debug|Any CPU.ActiveCfg = Debug|Any CPU
		{2EAAF84A-A3E9-4A58-A047-61C6971B84ED}.Debug|Any CPU.Build.0 = Debug|Any CPU
		{2EAAF84A-A3E9-4A58-A047-61C6971B84ED}.FontSelection|Any CPU.ActiveCfg = Release|Any CPU
		{2EAAF84A-A3E9-4A58-A047-61C6971B84ED}.FontSelection|Any CPU.Build.0 = Release|Any CPU
		{2EAAF84A-A3E9-4A58-A047-61C6971B84ED}.Layout|Any CPU.ActiveCfg = Release|Any CPU
		{2EAAF84A-A3E9-4A58-A047-61C6971B84ED}.Layout|Any CPU.Build.0 = Release|Any CPU
		{2EAAF84A-A3E9-4A58-A047-61C6971B84ED}.Release|Any CPU.ActiveCfg = Release|Any CPU
		{2EAAF84A-A3E9-4A58-A047-61C6971B84ED}.Release|Any CPU.Build.0 = Release|Any CPU
	EndGlobalSection
	GlobalSection(SolutionProperties) = preSolution
		HideSolutionNode = FALSE
	EndGlobalSection
	GlobalSection(ExtensibilityGlobals) = postSolution
		SolutionGuid = {30E17253-E76C-4700-8B38-C15F24C690C4}
	EndGlobalSection
EndGlobal
